
Microsoft Visual Studio Solution File, Format Version 12.00
# Visual Studio Version 17
VisualStudioVersion = 17.7.34024.191
MinimumVisualStudioVersion = 10.0.40219.1
Project("{9A19103F-16F7-4668-BE54-9A1E7A4F7556}") = "TS3AudioBot", "TS3AudioBot.csproj", "{FF821A63-35A5-47F7-AEA5-5AB8E957D121}"
EndProject
Global
	GlobalSection(SolutionConfigurationPlatforms) = preSolution
		Debug|Any CPU = Debug|Any CPU
		Release|Any CPU = Release|Any CPU
	EndGlobalSection
	GlobalSection(ProjectConfigurationPlatforms) = postSolution
		{FF821A63-35A5-47F7-AEA5-5AB8E957D121}.Debug|Any CPU.ActiveCfg = Debug|Any CPU
		{FF821A63-35A5-47F7-AEA5-5AB8E957D121}.Debug|Any CPU.Build.0 = Debug|Any CPU
		{FF821A63-35A5-47F7-AEA5-5AB8E957D121}.Release|Any CPU.ActiveCfg = Release|Any CPU
		{FF821A63-35A5-47F7-AEA5-5AB8E957D121}.Release|Any CPU.Build.0 = Release|Any CPU
	EndGlobalSection
	GlobalSection(SolutionProperties) = preSolution
		HideSolutionNode = FALSE
	EndGlobalSection
	GlobalSection(ExtensibilityGlobals) = postSolution
		SolutionGuid = {BBCC7AA8-1234-4782-8939-2E91BB3ED517}
	EndGlobalSection
EndGlobal
